
Microsoft Visual Studio Solution File, Format Version 12.00
# Visual Studio Version 17
VisualStudioVersion = 17.0.31912.275
MinimumVisualStudioVersion = 10.0.40219.1
Project("{FAE04EC0-301F-11D3-BF4B-00C04F79EFBC}") = "Hostel_Managament_System_MVC", "Hostel_Managament_System_MVC\Hostel_Managament_System_MVC.csproj", "{8E7B6D35-E1A6-4183-89A4-C81324274C37}"
EndProject
Global
	GlobalSection(SolutionConfigurationPlatforms) = preSolution
		Debug|Any CPU = Debug|Any CPU
		Release|Any CPU = Release|Any CPU
	EndGlobalSection
	GlobalSection(ProjectConfigurationPlatforms) = postSolution
		{8E7B6D35-E1A6-4183-89A4-C81324274C37}.Debug|Any CPU.ActiveCfg = Debug|Any CPU
		{8E7B6D35-E1A6-4183-89A4-C81324274C37}.Debug|Any CPU.Build.0 = Debug|Any CPU
		{8E7B6D35-E1A6-4183-89A4-C81324274C37}.Release|Any CPU.ActiveCfg = Release|Any CPU
		{8E7B6D35-E1A6-4183-89A4-C81324274C37}.Release|Any CPU.Build.0 = Release|Any CPU
	EndGlobalSection
	GlobalSection(SolutionProperties) = preSolution
		HideSolutionNode = FALSE
	EndGlobalSection
	GlobalSection(ExtensibilityGlobals) = postSolution
		SolutionGuid = {60DF14BD-5061-4411-976C-BEE572285822}
	EndGlobalSection
EndGlobal
